
Microsoft Visual Studio Solution File, Format Version 12.00
# Visual Studio Version 16
VisualStudioVersion = 16.0.30611.23
MinimumVisualStudioVersion = 10.0.40219.1
Project("{9A19103F-16F7-4668-BE54-9A1E7A4F7556}") = "NetCoreExamp", "NetCoreExamp\NetCoreExamp.csproj", "{A8B21C62-6F8D-4CD1-BCFC-DBD9BB0E1A00}"
EndProject
Project("{9A19103F-16F7-4668-BE54-9A1E7A4F7556}") = "Constructor", "Constructor\Constructor.csproj", "{85A73427-DF68-4997-9B56-274DCC2D99A3}"
EndProject
Project("{9A19103F-16F7-4668-BE54-9A1E7A4F7556}") = "Generics", "Generics\Generics.csproj", "{D5ED861B-CA04-47D8-9864-5DE9779F6913}"
EndProject
Project("{FAE04EC0-301F-11D3-BF4B-00C04F79EFBC}") = "Interface", "Interface\Interface.csproj", "{15D2F262-2EF4-4EA5-BBBF-661DA251ED7B}"
EndProject
Global
	GlobalSection(SolutionConfigurationPlatforms) = preSolution
		Debug|Any CPU = Debug|Any CPU
		Release|Any CPU = Release|Any CPU
	EndGlobalSection
	GlobalSection(ProjectConfigurationPlatforms) = postSolution
		{A8B21C62-6F8D-4CD1-BCFC-DBD9BB0E1A00}.Debug|Any CPU.ActiveCfg = Debug|Any CPU
		{A8B21C62-6F8D-4CD1-BCFC-DBD9BB0E1A00}.Debug|Any CPU.Build.0 = Debug|Any CPU
		{A8B21C62-6F8D-4CD1-BCFC-DBD9BB0E1A00}.Release|Any CPU.ActiveCfg = Release|Any CPU
		{A8B21C62-6F8D-4CD1-BCFC-DBD9BB0E1A00}.Release|Any CPU.Build.0 = Release|Any CPU
		{85A73427-DF68-4997-9B56-274DCC2D99A3}.Debug|Any CPU.ActiveCfg = Debug|Any CPU
		{85A73427-DF68-4997-9B56-274DCC2D99A3}.Debug|Any CPU.Build.0 = Debug|Any CPU
		{85A73427-DF68-4997-9B56-274DCC2D99A3}.Release|Any CPU.ActiveCfg = Release|Any CPU
		{85A73427-DF68-4997-9B56-274DCC2D99A3}.Release|Any CPU.Build.0 = Release|Any CPU
		{D5ED861B-CA04-47D8-9864-5DE9779F6913}.Debug|Any CPU.ActiveCfg = Debug|Any CPU
		{D5ED861B-CA04-47D8-9864-5DE9779F6913}.Debug|Any CPU.Build.0 = Debug|Any CPU
		{D5ED861B-CA04-47D8-9864-5DE9779F6913}.Release|Any CPU.ActiveCfg = Release|Any CPU
		{D5ED861B-CA04-47D8-9864-5DE9779F6913}.Release|Any CPU.Build.0 = Release|Any CPU
		{15D2F262-2EF4-4EA5-BBBF-661DA251ED7B}.Debug|Any CPU.ActiveCfg = Debug|Any CPU
		{15D2F262-2EF4-4EA5-BBBF-661DA251ED7B}.Debug|Any CPU.Build.0 = Debug|Any CPU
		{15D2F262-2EF4-4EA5-BBBF-661DA251ED7B}.Release|Any CPU.ActiveCfg = Release|Any CPU
		{15D2F262-2EF4-4EA5-BBBF-661DA251ED7B}.Release|Any CPU.Build.0 = Release|Any CPU
	EndGlobalSection
	GlobalSection(SolutionProperties) = preSolution
		HideSolutionNode = FALSE
	EndGlobalSection
	GlobalSection(ExtensibilityGlobals) = postSolution
		SolutionGuid = {339C03E4-8807-4E92-A7AC-55131D7DC62B}
	EndGlobalSection
EndGlobal
